// !$*UTF8*$!
{
	archiveVersion = 1;
	classes = {
	};
	objectVersion = 55;
	objects = {

/* Begin PBXBuildFile section */
		7FEACF0C28A62D92002AC933 /* AppDelegate.swift in Sources */ = {isa = PBXBuildFile; fileRef = 7FEACF0B28A62D92002AC933 /* AppDelegate.swift */; };
		7FEACF0E28A62D92002AC933 /* SceneDelegate.swift in Sources */ = {isa = PBXBuildFile; fileRef = 7FEACF0D28A62D92002AC933 /* SceneDelegate.swift */; };
		7FEACF1028A62D92002AC933 /* ViewController.swift in Sources */ = {isa = PBXBuildFile; fileRef = 7FEACF0F28A62D92002AC933 /* ViewController.swift */; };
		7FEACF1328A62D92002AC933 /* Main.storyboard in Resources */ = {isa = PBXBuildFile; fileRef = 7FEACF1128A62D92002AC933 /* Main.storyboard */; };
		7FEACF1528A62D94002AC933 /* Assets.xcassets in Resources */ = {isa = PBXBuildFile; fileRef = 7FEACF1428A62D94002AC933 /* Assets.xcassets */; };
		7FEACF1828A62D94002AC933 /* LaunchScreen.storyboard in Resources */ = {isa = PBXBuildFile; fileRef = 7FEACF1628A62D94002AC933 /* LaunchScreen.storyboard */; };
		7FEACF2028A62DF2002AC933 /* 01.png in Resources */ = {isa = PBXBuildFile; fileRef = 7FEACF1F28A62DF2002AC933 /* 01.png */; };
		7FEACF2828A69728002AC933 /* stop.png in Resources */ = {isa = PBXBuildFile; fileRef = 7FEACF2328A69727002AC933 /* stop.png */; };
		7FEACF2928A69728002AC933 /* record.png in Resources */ = {isa = PBXBuildFile; fileRef = 7FEACF2428A69727002AC933 /* record.png */; };
		7FEACF2A28A69728002AC933 /* pause.png in Resources */ = {isa = PBXBuildFile; fileRef = 7FEACF2528A69727002AC933 /* pause.png */; };
		7FEACF2B28A69728002AC933 /* play.png in Resources */ = {isa = PBXBuildFile; fileRef = 7FEACF2628A69728002AC933 /* play.png */; };
		7FEACF2C28A69728002AC933 /* Sicilian_Breeze.mp3 in Resources */ = {isa = PBXBuildFile; fileRef = 7FEACF2728A69728002AC933 /* Sicilian_Breeze.mp3 */; };
/* End PBXBuildFile section */

/* Begin PBXFileReference section */
		7FEACF0828A62D92002AC933 /* 13_audio.app */ = {isa = PBXFileReference; explicitFileType = wrapper.application; includeInIndex = 0; path = 13_audio.app; sourceTree = BUILT_PRODUCTS_DIR; };
		7FEACF0B28A62D92002AC933 /* AppDelegate.swift */ = {isa = PBXFileReference; lastKnownFileType = sourcecode.swift; path = AppDelegate.swift; sourceTree = "<group>"; };
		7FEACF0D28A62D92002AC933 /* SceneDelegate.swift */ = {isa = PBXFileReference; lastKnownFileType = sourcecode.swift; path = SceneDelegate.swift; sourceTree = "<group>"; };
		7FEACF0F28A62D92002AC933 /* ViewController.swift */ = {isa = PBXFileReference; lastKnownFileType = sourcecode.swift; path = ViewController.swift; sourceTree = "<group>"; };
		7FEACF1228A62D92002AC933 /* Base */ = {isa = PBXFileReference; lastKnownFileType = file.storyboard; name = Base; path = Base.lproj/Main.storyboard; sourceTree = "<group>"; };
		7FEACF1428A62D94002AC933 /* Assets.xcassets */ = {isa = PBXFileReference; lastKnownFileType = folder.assetcatalog; path = Assets.xcassets; sourceTree = "<group>"; };
		7FEACF1728A62D94002AC933 /* Base */ = {isa = PBXFileReference; lastKnownFileType = file.storyboard; name = Base; path = Base.lproj/LaunchScreen.storyboard; sourceTree = "<group>"; };
		7FEACF1928A62D94002AC933 /* Info.plist */ = {isa = PBXFileReference; lastKnownFileType = text.plist.xml; path = Info.plist; sourceTree = "<group>"; };
		7FEACF1F28A62DF2002AC933 /* 01.png */ = {isa = PBXFileReference; lastKnownFileType = image.png; path = 01.png; sourceTree = "<group>"; };
		7FEACF2328A69727002AC933 /* stop.png */ = {isa = PBXFileReference; lastKnownFileType = image.png; path = stop.png; sourceTree = "<group>"; };
		7FEACF2428A69727002AC933 /* record.png */ = {isa = PBXFileReference; lastKnownFileType = image.png; path = record.png; sourceTree = "<group>"; };
		7FEACF2528A69727002AC933 /* pause.png */ = {isa = PBXFileReference; lastKnownFileType = image.png; path = pause.png; sourceTree = "<group>"; };
		7FEACF2628A69728002AC933 /* play.png */ = {isa = PBXFileReference; lastKnownFileType = image.png; path = play.png; sourceTree = "<group>"; };
		7FEACF2728A69728002AC933 /* Sicilian_Breeze.mp3 */ = {isa = PBXFileReference; lastKnownFileType = audio.mp3; path = Sicilian_Breeze.mp3; sourceTree = "<group>"; };
/* End PBXFileReference section */

/* Begin PBXFrameworksBuildPhase section */
		7FEACF0528A62D92002AC933 /* Frameworks */ = {
			isa = PBXFrameworksBuildPhase;
			buildActionMask = 2147483647;
			files = (
			);
			runOnlyForDeploymentPostprocessing = 0;
		};
/* End PBXFrameworksBuildPhase section */

/* Begin PBXGroup section */
		7FEACEFF28A62D92002AC933 = {
			isa = PBXGroup;
			children = (
				7FEACF0A28A62D92002AC933 /* 13_audio */,
				7FEACF0928A62D92002AC933 /* Products */,
			);
			sourceTree = "<group>";
		};
		7FEACF0928A62D92002AC933 /* Products */ = {
			isa = PBXGroup;
			children = (
				7FEACF0828A62D92002AC933 /* 13_audio.app */,
			);
			name = Products;
			sourceTree = "<group>";
		};
		7FEACF0A28A62D92002AC933 /* 13_audio */ = {
			isa = PBXGroup;
			children = (
				7FEACF1F28A62DF2002AC933 /* 01.png */,
				7FEACF2528A69727002AC933 /* pause.png */,
				7FEACF2628A69728002AC933 /* play.png */,
				7FEACF2428A69727002AC933 /* record.png */,
				7FEACF2728A69728002AC933 /* Sicilian_Breeze.mp3 */,
				7FEACF2328A69727002AC933 /* stop.png */,
				7FEACF0B28A62D92002AC933 /* AppDelegate.swift */,
				7FEACF0D28A62D92002AC933 /* SceneDelegate.swift */,
				7FEACF0F28A62D92002AC933 /* ViewController.swift */,
				7FEACF1128A62D92002AC933 /* Main.storyboard */,
				7FEACF1428A62D94002AC933 /* Assets.xcassets */,
				7FEACF1628A62D94002AC933 /* LaunchScreen.storyboard */,
				7FEACF1928A62D94002AC933 /* Info.plist */,
			);
			path = 13_audio;
			sourceTree = "<group>";
		};
/* End PBXGroup section */

/* Begin PBXNativeTarget section */
		7FEACF0728A62D92002AC933 /* 13_audio */ = {
			isa = PBXNativeTarget;
			buildConfigurationList = 7FEACF1C28A62D94002AC933 /* Build configuration list for PBXNativeTarget "13_audio" */;
			buildPhases = (
				7FEACF0428A62D92002AC933 /* Sources */,
				7FEACF0528A62D92002AC933 /* Frameworks */,
				7FEACF0628A62D92002AC933 /* Resources */,
			);
			buildRules = (
			);
			dependencies = (
			);
			name = 13_audio;
			productName = 13_audio;
			productReference = 7FEACF0828A62D92002AC933 /* 13_audio.app */;
			productType = "com.apple.product-type.application";
		};
/* End PBXNativeTarget section */

/* Begin PBXProject section */
		7FEACF0028A62D92002AC933 /* Project object */ = {
			isa = PBXProject;
			attributes = {
				BuildIndependentTargetsInParallel = 1;
				LastSwiftUpdateCheck = 1320;
				LastUpgradeCheck = 1320;
				TargetAttributes = {
					7FEACF0728A62D92002AC933 = {
						CreatedOnToolsVersion = 13.2;
					};
				};
			};
			buildConfigurationList = 7FEACF0328A62D92002AC933 /* Build configuration list for PBXProject "13_audio" */;
			compatibilityVersion = "Xcode 13.0";
			developmentRegion = en;
			hasScannedForEncodings = 0;
			knownRegions = (
				en,
				Base,
			);
			mainGroup = 7FEACEFF28A62D92002AC933;
			productRefGroup = 7FEACF0928A62D92002AC933 /* Products */;
			projectDirPath = "";
			projectRoot = "";
			targets = (
				7FEACF0728A62D92002AC933 /* 13_audio */,
			);
		};
/* End PBXProject section */

/* Begin PBXResourcesBuildPhase section */
		7FEACF0628A62D92002AC933 /* Resources */ = {
			isa = PBXResourcesBuildPhase;
			buildActionMask = 2147483647;
			files = (
				7FEACF1828A62D94002AC933 /* LaunchScreen.storyboard in Resources */,
				7FEACF2B28A69728002AC933 /* play.png in Resources */,
				7FEACF2C28A69728002AC933 /* Sicilian_Breeze.mp3 in Resources */,
				7FEACF2828A69728002AC933 /* stop.png in Resources */,
				7FEACF1528A62D94002AC933 /* Assets.xcassets in Resources */,
				7FEACF2A28A69728002AC933 /* pause.png in Resources */,
				7FEACF2028A62DF2002AC933 /* 01.png in Resources */,
				7FEACF2928A69728002AC933 /* record.png in Resources */,
				7FEACF1328A62D92002AC933 /* Main.storyboard in Resources */,
			);
			runOnlyForDeploymentPostprocessing = 0;
		};
/* End PBXResourcesBuildPhase section */

/* Begin PBXSourcesBuildPhase section */
		7FEACF0428A62D92002AC933 /* Sources */ = {
			isa = PBXSourcesBuildPhase;
			buildActionMask = 2147483647;
			files = (
				7FEACF1028A62D92002AC933 /* ViewController.swift in Sources */,
				7FEACF0C28A62D92002AC933 /* AppDelegate.swift in Sources */,
				7FEACF0E28A62D92002AC933 /* SceneDelegate.swift in Sources */,
			);
			runOnlyForDeploymentPostprocessing = 0;
		};
/* End PBXSourcesBuildPhase section */

/* Begin PBXVariantGroup section */
		7FEACF1128A62D92002AC933 /* Main.storyboard */ = {
			isa = PBXVariantGroup;
			children = (
				7FEACF1228A62D92002AC933 /* Base */,
			);
			name = Main.storyboard;
			sourceTree = "<group>";
		};
		7FEACF1628A62D94002AC933 /* LaunchScreen.storyboard */ = {
			isa = PBXVariantGroup;
			children = (
				7FEACF1728A62D94002AC933 /* Base */,
			);
			name = LaunchScreen.storyboard;
			sourceTree = "<group>";
		};
/* End PBXVariantGroup section */

/* Begin XCBuildConfiguration section */
		7FEACF1A28A62D94002AC933 /* Debug */ = {
			isa = XCBuildConfiguration;
			buildSettings = {
				ALWAYS_SEARCH_USER_PATHS = NO;
				CLANG_ANALYZER_NONNULL = YES;
				CLANG_ANALYZER_NUMBER_OBJECT_CONVERSION = YES_AGGRESSIVE;
				CLANG_CXX_LANGUAGE_STANDARD = "gnu++17";
				CLANG_CXX_LIBRARY = "libc++";
				CLANG_ENABLE_MODULES = YES;
				CLANG_ENABLE_OBJC_ARC = YES;
				CLANG_ENABLE_OBJC_WEAK = YES;
				CLANG_WARN_BLOCK_CAPTURE_AUTORELEASING = YES;
				CLANG_WARN_BOOL_CONVERSION = YES;
				CLANG_WARN_COMMA = YES;
				CLANG_WARN_CONSTANT_CONVERSION = YES;
				CLANG_WARN_DEPRECATED_OBJC_IMPLEMENTATIONS = YES;
				CLANG_WARN_DIRECT_OBJC_ISA_USAGE = YES_ERROR;
				CLANG_WARN_DOCUMENTATION_COMMENTS = YES;
				CLANG_WARN_EMPTY_BODY = YES;
				CLANG_WARN_ENUM_CONVERSION = YES;
				CLANG_WARN_INFINITE_RECURSION = YES;
				CLANG_WARN_INT_CONVERSION = YES;
				CLANG_WARN_NON_LITERAL_NULL_CONVERSION = YES;
				CLANG_WARN_OBJC_IMPLICIT_RETAIN_SELF = YES;
				CLANG_WARN_OBJC_LITERAL_CONVERSION = YES;
				CLANG_WARN_OBJC_ROOT_CLASS = YES_ERROR;
				CLANG_WARN_QUOTED_INCLUDE_IN_FRAMEWORK_HEADER = YES;
				CLANG_WARN_RANGE_LOOP_ANALYSIS = YES;
				CLANG_WARN_STRICT_PROTOTYPES = YES;
				CLANG_WARN_SUSPICIOUS_MOVE = YES;
				CLANG_WARN_UNGUARDED_AVAILABILITY = YES_AGGRESSIVE;
				CLANG_WARN_UNREACHABLE_CODE = YES;
				CLANG_WARN__DUPLICATE_METHOD_MATCH = YES;
				COPY_PHASE_STRIP = NO;
				DEBUG_INFORMATION_FORMAT = dwarf;
				ENABLE_STRICT_OBJC_MSGSEND = YES;
				ENABLE_TESTABILITY = YES;
				GCC_C_LANGUAGE_STANDARD = gnu11;
				GCC_DYNAMIC_NO_PIC = NO;
				GCC_NO_COMMON_BLOCKS = YES;
				GCC_OPTIMIZATION_LEVEL = 0;
				GCC_PREPROCESSOR_DEFINITIONS = (
					"DEBUG=1",
					"$(inherited)",
				);
				GCC_WARN_64_TO_32_BIT_CONVERSION = YES;
				GCC_WARN_ABOUT_RETURN_TYPE = YES_ERROR;
				GCC_WARN_UNDECLARED_SELECTOR = YES;
				GCC_WARN_UNINITIALIZED_AUTOS = YES_AGGRESSIVE;
				GCC_WARN_UNUSED_FUNCTION = YES;
				GCC_WARN_UNUSED_VARIABLE = YES;
				IPHONEOS_DEPLOYMENT_TARGET = 15.2;
				MTL_ENABLE_DEBUG_INFO = INCLUDE_SOURCE;
				MTL_FAST_MATH = YES;
				ONLY_ACTIVE_ARCH = YES;
				SDKROOT = iphoneos;
				SWIFT_ACTIVE_COMPILATION_CONDITIONS = DEBUG;
				SWIFT_OPTIMIZATION_LEVEL = "-Onone";
			};
			name = Debug;
		};
		7FEACF1B28A62D94002AC933 /* Release */ = {
			isa = XCBuildConfiguration;
			buildSettings = {
				ALWAYS_SEARCH_USER_PATHS = NO;
				CLANG_ANALYZER_NONNULL = YES;
				CLANG_ANALYZER_NUMBER_OBJECT_CONVERSION = YES_AGGRESSIVE;
				CLANG_CXX_LANGUAGE_STANDARD = "gnu++17";
				CLANG_CXX_LIBRARY = "libc++";
				CLANG_ENABLE_MODULES = YES;
				CLANG_ENABLE_OBJC_ARC = YES;
				CLANG_ENABLE_OBJC_WEAK = YES;
				CLANG_WARN_BLOCK_CAPTURE_AUTORELEASING = YES;
				CLANG_WARN_BOOL_CONVERSION = YES;
				CLANG_WARN_COMMA = YES;
				CLANG_WARN_CONSTANT_CONVERSION = YES;
				CLANG_WARN_DEPRECATED_OBJC_IMPLEMENTATIONS = YES;
				CLANG_WARN_DIRECT_OBJC_ISA_USAGE = YES_ERROR;
				CLANG_WARN_DOCUMENTATION_COMMENTS = YES;
				CLANG_WARN_EMPTY_BODY = YES;
				CLANG_WARN_ENUM_CONVERSION = YES;
				CLANG_WARN_INFINITE_RECURSION = YES;
				CLANG_WARN_INT_CONVERSION = YES;
				CLANG_WARN_NON_LITERAL_NULL_CONVERSION = YES;
				CLANG_WARN_OBJC_IMPLICIT_RETAIN_SELF = YES;
				CLANG_WARN_OBJC_LITERAL_CONVERSION = YES;
				CLANG_WARN_OBJC_ROOT_CLASS = YES_ERROR;
				CLANG_WARN_QUOTED_INCLUDE_IN_FRAMEWORK_HEADER = YES;
				CLANG_WARN_RANGE_LOOP_ANALYSIS = YES;
				CLANG_WARN_STRICT_PROTOTYPES = YES;
				CLANG_WARN_SUSPICIOUS_MOVE = YES;
				CLANG_WARN_UNGUARDED_AVAILABILITY = YES_AGGRESSIVE;
				CLANG_WARN_UNREACHABLE_CODE = YES;
				CLANG_WARN__DUPLICATE_METHOD_MATCH = YES;
				COPY_PHASE_STRIP = NO;
				DEBUG_INFORMATION_FORMAT = "dwarf-with-dsym";
				ENABLE_NS_ASSERTIONS = NO;
				ENABLE_STRICT_OBJC_MSGSEND = YES;
				GCC_C_LANGUAGE_STANDARD = gnu11;
				GCC_NO_COMMON_BLOCKS = YES;
				GCC_WARN_64_TO_32_BIT_CONVERSION = YES;
				GCC_WARN_ABOUT_RETURN_TYPE = YES_ERROR;
				GCC_WARN_UNDECLARED_SELECTOR = YES;
				GCC_WARN_UNINITIALIZED_AUTOS = YES_AGGRESSIVE;
				GCC_WARN_UNUSED_FUNCTION = YES;
				GCC_WARN_UNUSED_VARIABLE = YES;
				IPHONEOS_DEPLOYMENT_TARGET = 15.2;
				MTL_ENABLE_DEBUG_INFO = NO;
				MTL_FAST_MATH = YES;
				SDKROOT = iphoneos;
				SWIFT_COMPILATION_MODE = wholemodule;
				SWIFT_OPTIMIZATION_LEVEL = "-O";
				VALIDATE_PRODUCT = YES;
			};
			name = Release;
		};
		7FEACF1D28A62D94002AC933 /* Debug */ = {
			isa = XCBuildConfiguration;
			buildSettings = {
				ASSETCATALOG_COMPILER_APPICON_NAME = AppIcon;
				ASSETCATALOG_COMPILER_GLOBAL_ACCENT_COLOR_NAME = AccentColor;
				CODE_SIGN_STYLE = Automatic;
				CURRENT_PROJECT_VERSION = 1;
				DEVELOPMENT_TEAM = 7R3H2WW368;
				GENERATE_INFOPLIST_FILE = YES;
				INFOPLIST_FILE = 13_audio/Info.plist;
				INFOPLIST_KEY_UIApplicationSupportsIndirectInputEvents = YES;
				INFOPLIST_KEY_UILaunchStoryboardName = LaunchScreen;
				INFOPLIST_KEY_UIMainStoryboardFile = Main;
				INFOPLIST_KEY_UISupportedInterfaceOrientations = UIInterfaceOrientationPortrait;
				INFOPLIST_KEY_UISupportedInterfaceOrientations_iPad = "UIInterfaceOrientationPortrait UIInterfaceOrientationPortraitUpsideDown UIInterfaceOrientationLandscapeLeft UIInterfaceOrientationLandscapeRight";
				INFOPLIST_KEY_UISupportedInterfaceOrientations_iPhone = "UIInterfaceOrientationPortrait UIInterfaceOrientationLandscapeLeft UIInterfaceOrientationLandscapeRight";
				LD_RUNPATH_SEARCH_PATHS = (
					"$(inherited)",
					"@executable_path/Frameworks",
				);
				MARKETING_VERSION = 1.0;
				PRODUCT_BUNDLE_IDENTIFIER = "com.YSH.-3-audio";
				PRODUCT_NAME = "$(TARGET_NAME)";
				SWIFT_EMIT_LOC_STRINGS = YES;
				SWIFT_VERSION = 5.0;
				TARGETED_DEVICE_FAMILY = 1;
			};
			name = Debug;
		};
		7FEACF1E28A62D94002AC933 /* Release */ = {
			isa = XCBuildConfiguration;
			buildSettings = {
				ASSETCATALOG_COMPILER_APPICON_NAME = AppIcon;
				ASSETCATALOG_COMPILER_GLOBAL_ACCENT_COLOR_NAME = AccentColor;
				CODE_SIGN_STYLE = Automatic;
				CURRENT_PROJECT_VERSION = 1;
				DEVELOPMENT_TEAM = 7R3H2WW368;
				GENERATE_INFOPLIST_FILE = YES;
				INFOPLIST_FILE = 13_audio/Info.plist;
				INFOPLIST_KEY_UIApplicationSupportsIndirectInputEvents = YES;
				INFOPLIST_KEY_UILaunchStoryboardName = LaunchScreen;
				INFOPLIST_KEY_UIMainStoryboardFile = Main;
				INFOPLIST_KEY_UISupportedInterfaceOrientations = UIInterfaceOrientationPortrait;
				INFOPLIST_KEY_UISupportedInterfaceOrientations_iPad = "UIInterfaceOrientationPortrait UIInterfaceOrientationPortraitUpsideDown UIInterfaceOrientationLandscapeLeft UIInterfaceOrientationLandscapeRight";
				INFOPLIST_KEY_UISupportedInterfaceOrientations_iPhone = "UIInterfaceOrientationPortrait UIInterfaceOrientationLandscapeLeft UIInterfaceOrientationLandscapeRight";
				LD_RUNPATH_SEARCH_PATHS = (
					"$(inherited)",
					"@executable_path/Frameworks",
				);
				MARKETING_VERSION = 1.0;
				PRODUCT_BUNDLE_IDENTIFIER = "com.YSH.-3-audio";
				PRODUCT_NAME = "$(TARGET_NAME)";
				SWIFT_EMIT_LOC_STRINGS = YES;
				SWIFT_VERSION = 5.0;
				TARGETED_DEVICE_FAMILY = 1;
			};
			name = Release;
		};
/* End XCBuildConfiguration section */

/* Begin XCConfigurationList section */
		7FEACF0328A62D92002AC933 /* Build configuration list for PBXProject "13_audio" */ = {
			isa = XCConfigurationList;
			buildConfigurations = (
				7FEACF1A28A62D94002AC933 /* Debug */,
				7FEACF1B28A62D94002AC933 /* Release */,
			);
			defaultConfigurationIsVisible = 0;
			defaultConfigurationName = Release;
		};
		7FEACF1C28A62D94002AC933 /* Build configuration list for PBXNativeTarget "13_audio" */ = {
			isa = XCConfigurationList;
			buildConfigurations = (
				7FEACF1D28A62D94002AC933 /* Debug */,
				7FEACF1E28A62D94002AC933 /* Release */,
			);
			defaultConfigurationIsVisible = 0;
			defaultConfigurationName = Release;
		};
/* End XCConfigurationList section */
	};
	rootObject = 7FEACF0028A62D92002AC933 /* Project object */;
}
